
Microsoft Visual Studio Solution File, Format Version 12.00
# Visual Studio Version 16
VisualStudioVersion = 16.0.30711.63
MinimumVisualStudioVersion = 10.0.40219.1
Project("{2150E333-8FDC-42A3-9474-1A3956D46DE8}") = "Services", "Services", "{785105BA-C37C-46DC-A838-60F4624A9FF7}"
EndProject
Project("{2150E333-8FDC-42A3-9474-1A3956D46DE8}") = "WebApps", "WebApps", "{B7FA8406-FA3E-42AF-85D9-2BA28E9C0B35}"
EndProject
Project("{2150E333-8FDC-42A3-9474-1A3956D46DE8}") = "Cadastros", "Cadastros", "{F10FF87B-7EEF-48BC-98BF-2C5683D78823}"
EndProject
Project("{2150E333-8FDC-42A3-9474-1A3956D46DE8}") = "Catalogo", "Catalogo", "{C9A42462-9C7F-429A-ADEB-D6E63850CD5E}"
EndProject
Project("{2150E333-8FDC-42A3-9474-1A3956D46DE8}") = "Core", "Core", "{D017E294-1482-4A9A-9FA8-E55ED94C7D3D}"
EndProject
Project("{2150E333-8FDC-42A3-9474-1A3956D46DE8}") = "Fiscal", "Fiscal", "{8ADC53BC-1BD4-4795-8983-499E68B86701}"
EndProject
Project("{2150E333-8FDC-42A3-9474-1A3956D46DE8}") = "Pagamentos", "Pagamentos", "{636A1F6B-6936-42DF-8355-690F7A25948D}"
EndProject
Project("{2150E333-8FDC-42A3-9474-1A3956D46DE8}") = "Vendas", "Vendas", "{2E268983-9343-4CEF-92C7-5A6E99423806}"
EndProject
Project("{9A19103F-16F7-4668-BE54-9A1E7A4F7556}") = "NerdStore.Catalogo.Domain", "src\NerdStore.Catalogo.Domain\NerdStore.Catalogo.Domain.csproj", "{37660D15-EA3F-4930-A14B-79A1412CE9B8}"
EndProject
Project("{9A19103F-16F7-4668-BE54-9A1E7A4F7556}") = "NerdStore.Core", "src\NerdStore.Core\NerdStore.Core.csproj", "{DA935F5E-992C-46A3-A4FE-0F2F68E5C8C9}"
EndProject
Project("{2150E333-8FDC-42A3-9474-1A3956D46DE8}") = "Tests", "Tests", "{D06D43A3-4135-4126-8232-077B2C8EDBF9}"
EndProject
Project("{9A19103F-16F7-4668-BE54-9A1E7A4F7556}") = "NerdStore.Catalogo.Domain.Tests", "tests\NerdStore.Catalogo.Domain.Tests\NerdStore.Catalogo.Domain.Tests.csproj", "{047C7B39-F79E-4EBB-AF6B-3DCD6CD876C4}"
EndProject
Project("{9A19103F-16F7-4668-BE54-9A1E7A4F7556}") = "NerdStore.Catalogo.Data", "src\NerdStore.Catalogo.Data\NerdStore.Catalogo.Data.csproj", "{F2402BE9-F80A-4A24-8A07-9B2B9A336A92}"
EndProject
Project("{9A19103F-16F7-4668-BE54-9A1E7A4F7556}") = "NerdStore.Catalogo.Application", "src\NerdStore.Catalogo.Application\NerdStore.Catalogo.Application.csproj", "{DDB80F9B-5F49-4B34-8B69-1AB5E4C40646}"
EndProject
Project("{9A19103F-16F7-4668-BE54-9A1E7A4F7556}") = "NerdStore.WebApp.MVC", "src\NerdStore.WebApp.MVC\NerdStore.WebApp.MVC.csproj", "{CAA3D58F-C419-471D-BA59-4F32F4352703}"
EndProject
Project("{FAE04EC0-301F-11D3-BF4B-00C04F79EFBC}") = "NerdStore.Vendas.Domain", "src\NerdStore.Vendas.Domain\NerdStore.Vendas.Domain.csproj", "{B2ED87D1-ADDC-41E5-ADD5-AFBD6A04623B}"
EndProject
Project("{FAE04EC0-301F-11D3-BF4B-00C04F79EFBC}") = "NerdStore.Vendas.Application", "src\NerdStore.Vendas.Application\NerdStore.Vendas.Application.csproj", "{A04F756F-AA52-4181-A39F-88BAD2958E3F}"
EndProject
Project("{FAE04EC0-301F-11D3-BF4B-00C04F79EFBC}") = "NerdStore.Vendas.Data", "src\NerdStore.Vendas.Data\NerdStore.Vendas.Data.csproj", "{2CB7B05B-4291-4521-A85A-5324972DBAED}"
EndProject
Global
	GlobalSection(SolutionConfigurationPlatforms) = preSolution
		Debug|Any CPU = Debug|Any CPU
		Release|Any CPU = Release|Any CPU
	EndGlobalSection
	GlobalSection(ProjectConfigurationPlatforms) = postSolution
		{37660D15-EA3F-4930-A14B-79A1412CE9B8}.Debug|Any CPU.ActiveCfg = Debug|Any CPU
		{37660D15-EA3F-4930-A14B-79A1412CE9B8}.Debug|Any CPU.Build.0 = Debug|Any CPU
		{37660D15-EA3F-4930-A14B-79A1412CE9B8}.Release|Any CPU.ActiveCfg = Release|Any CPU
		{37660D15-EA3F-4930-A14B-79A1412CE9B8}.Release|Any CPU.Build.0 = Release|Any CPU
		{DA935F5E-992C-46A3-A4FE-0F2F68E5C8C9}.Debug|Any CPU.ActiveCfg = Debug|Any CPU
		{DA935F5E-992C-46A3-A4FE-0F2F68E5C8C9}.Debug|Any CPU.Build.0 = Debug|Any CPU
		{DA935F5E-992C-46A3-A4FE-0F2F68E5C8C9}.Release|Any CPU.ActiveCfg = Release|Any CPU
		{DA935F5E-992C-46A3-A4FE-0F2F68E5C8C9}.Release|Any CPU.Build.0 = Release|Any CPU
		{047C7B39-F79E-4EBB-AF6B-3DCD6CD876C4}.Debug|Any CPU.ActiveCfg = Debug|Any CPU
		{047C7B39-F79E-4EBB-AF6B-3DCD6CD876C4}.Debug|Any CPU.Build.0 = Debug|Any CPU
		{047C7B39-F79E-4EBB-AF6B-3DCD6CD876C4}.Release|Any CPU.ActiveCfg = Release|Any CPU
		{047C7B39-F79E-4EBB-AF6B-3DCD6CD876C4}.Release|Any CPU.Build.0 = Release|Any CPU
		{F2402BE9-F80A-4A24-8A07-9B2B9A336A92}.Debug|Any CPU.ActiveCfg = Debug|Any CPU
		{F2402BE9-F80A-4A24-8A07-9B2B9A336A92}.Debug|Any CPU.Build.0 = Debug|Any CPU
		{F2402BE9-F80A-4A24-8A07-9B2B9A336A92}.Release|Any CPU.ActiveCfg = Release|Any CPU
		{F2402BE9-F80A-4A24-8A07-9B2B9A336A92}.Release|Any CPU.Build.0 = Release|Any CPU
		{DDB80F9B-5F49-4B34-8B69-1AB5E4C40646}.Debug|Any CPU.ActiveCfg = Debug|Any CPU
		{DDB80F9B-5F49-4B34-8B69-1AB5E4C40646}.Debug|Any CPU.Build.0 = Debug|Any CPU
		{DDB80F9B-5F49-4B34-8B69-1AB5E4C40646}.Release|Any CPU.ActiveCfg = Release|Any CPU
		{DDB80F9B-5F49-4B34-8B69-1AB5E4C40646}.Release|Any CPU.Build.0 = Release|Any CPU
		{CAA3D58F-C419-471D-BA59-4F32F4352703}.Debug|Any CPU.ActiveCfg = Debug|Any CPU
		{CAA3D58F-C419-471D-BA59-4F32F4352703}.Debug|Any CPU.Build.0 = Debug|Any CPU
		{CAA3D58F-C419-471D-BA59-4F32F4352703}.Release|Any CPU.ActiveCfg = Release|Any CPU
		{CAA3D58F-C419-471D-BA59-4F32F4352703}.Release|Any CPU.Build.0 = Release|Any CPU
		{B2ED87D1-ADDC-41E5-ADD5-AFBD6A04623B}.Debug|Any CPU.ActiveCfg = Debug|Any CPU
		{B2ED87D1-ADDC-41E5-ADD5-AFBD6A04623B}.Debug|Any CPU.Build.0 = Debug|Any CPU
		{B2ED87D1-ADDC-41E5-ADD5-AFBD6A04623B}.Release|Any CPU.ActiveCfg = Release|Any CPU
		{B2ED87D1-ADDC-41E5-ADD5-AFBD6A04623B}.Release|Any CPU.Build.0 = Release|Any CPU
		{A04F756F-AA52-4181-A39F-88BAD2958E3F}.Debug|Any CPU.ActiveCfg = Debug|Any CPU
		{A04F756F-AA52-4181-A39F-88BAD2958E3F}.Debug|Any CPU.Build.0 = Debug|Any CPU
		{A04F756F-AA52-4181-A39F-88BAD2958E3F}.Release|Any CPU.ActiveCfg = Release|Any CPU
		{A04F756F-AA52-4181-A39F-88BAD2958E3F}.Release|Any CPU.Build.0 = Release|Any CPU
		{2CB7B05B-4291-4521-A85A-5324972DBAED}.Debug|Any CPU.ActiveCfg = Debug|Any CPU
		{2CB7B05B-4291-4521-A85A-5324972DBAED}.Debug|Any CPU.Build.0 = Debug|Any CPU
		{2CB7B05B-4291-4521-A85A-5324972DBAED}.Release|Any CPU.ActiveCfg = Release|Any CPU
		{2CB7B05B-4291-4521-A85A-5324972DBAED}.Release|Any CPU.Build.0 = Release|Any CPU
	EndGlobalSection
	GlobalSection(SolutionProperties) = preSolution
		HideSolutionNode = FALSE
	EndGlobalSection
	GlobalSection(NestedProjects) = preSolution
		{F10FF87B-7EEF-48BC-98BF-2C5683D78823} = {785105BA-C37C-46DC-A838-60F4624A9FF7}
		{C9A42462-9C7F-429A-ADEB-D6E63850CD5E} = {785105BA-C37C-46DC-A838-60F4624A9FF7}
		{D017E294-1482-4A9A-9FA8-E55ED94C7D3D} = {785105BA-C37C-46DC-A838-60F4624A9FF7}
		{8ADC53BC-1BD4-4795-8983-499E68B86701} = {785105BA-C37C-46DC-A838-60F4624A9FF7}
		{636A1F6B-6936-42DF-8355-690F7A25948D} = {785105BA-C37C-46DC-A838-60F4624A9FF7}
		{2E268983-9343-4CEF-92C7-5A6E99423806} = {785105BA-C37C-46DC-A838-60F4624A9FF7}
		{37660D15-EA3F-4930-A14B-79A1412CE9B8} = {C9A42462-9C7F-429A-ADEB-D6E63850CD5E}
		{DA935F5E-992C-46A3-A4FE-0F2F68E5C8C9} = {D017E294-1482-4A9A-9FA8-E55ED94C7D3D}
		{D06D43A3-4135-4126-8232-077B2C8EDBF9} = {C9A42462-9C7F-429A-ADEB-D6E63850CD5E}
		{047C7B39-F79E-4EBB-AF6B-3DCD6CD876C4} = {D06D43A3-4135-4126-8232-077B2C8EDBF9}
		{F2402BE9-F80A-4A24-8A07-9B2B9A336A92} = {C9A42462-9C7F-429A-ADEB-D6E63850CD5E}
		{DDB80F9B-5F49-4B34-8B69-1AB5E4C40646} = {C9A42462-9C7F-429A-ADEB-D6E63850CD5E}
		{CAA3D58F-C419-471D-BA59-4F32F4352703} = {B7FA8406-FA3E-42AF-85D9-2BA28E9C0B35}
		{B2ED87D1-ADDC-41E5-ADD5-AFBD6A04623B} = {2E268983-9343-4CEF-92C7-5A6E99423806}
		{A04F756F-AA52-4181-A39F-88BAD2958E3F} = {2E268983-9343-4CEF-92C7-5A6E99423806}
		{2CB7B05B-4291-4521-A85A-5324972DBAED} = {2E268983-9343-4CEF-92C7-5A6E99423806}
	EndGlobalSection
	GlobalSection(ExtensibilityGlobals) = postSolution
		SolutionGuid = {A3872AC2-7717-4D3F-BFAA-DEC7C7BC4D95}
	EndGlobalSection
EndGlobal
